
Microsoft Visual Studio Solution File, Format Version 12.00
# Visual Studio 14
VisualStudioVersion = 14.0.23107.0
MinimumVisualStudioVersion = 10.0.40219.1
Project("{2150E333-8FDC-42A3-9474-1A3956D46DE8}") = "ActorBinTree", "ActorBinTree", "{49DB8D3D-9621-4B29-87B2-2FAD33635866}"
EndProject
Project("{2150E333-8FDC-42A3-9474-1A3956D46DE8}") = "CSharp", "CSharp", "{BDBA0D87-A491-46C7-A31C-7E8BE7CA4ECB}"
EndProject
Project("{FAE04EC0-301F-11D3-BF4B-00C04F79EFBC}") = "ActorBinTree", "ActorBinTree\CSharp\ActorBinTree\ActorBinTree.csproj", "{3A41306D-4CA4-4FF3-A967-666E83D2955E}"
EndProject
Project("{FAE04EC0-301F-11D3-BF4B-00C04F79EFBC}") = "ActorBinTreeApp", "ActorBinTree\CSharp\ActorBinTreeApp\ActorBinTreeApp.csproj", "{A9CD510A-F206-4F1F-A7D6-575669CBAFBD}"
EndProject
Project("{FAE04EC0-301F-11D3-BF4B-00C04F79EFBC}") = "ActorBinTreeTests", "ActorBinTree\CSharp\ActorBinTreeTests\ActorBinTreeTests.csproj", "{F293FD6E-D082-4D86-9E8D-353E8EF6CB37}"
EndProject
Project("{2150E333-8FDC-42A3-9474-1A3956D46DE8}") = "FSharp", "FSharp", "{5A0FD93A-99FD-4612-BE16-187455C779EC}"
EndProject
Project("{F2A71F9B-5D33-465A-A702-920D77279786}") = "ActorBinTreeAppFs", "ActorBinTree\FSharp\ActorBinTreeAppFs\ActorBinTreeAppFs.fsproj", "{58A4D2A0-7670-461E-B519-F54BBA7A0718}"
EndProject
Project("{F2A71F9B-5D33-465A-A702-920D77279786}") = "ActorBinTreeFs", "ActorBinTree\FSharp\ActorBinTreeFs\ActorBinTreeFs.fsproj", "{9ED4EA38-C145-4341-9DB5-C96563652F2D}"
EndProject
Global
	GlobalSection(SolutionConfigurationPlatforms) = preSolution
		Debug|Any CPU = Debug|Any CPU
		Release|Any CPU = Release|Any CPU
	EndGlobalSection
	GlobalSection(ProjectConfigurationPlatforms) = postSolution
		{3A41306D-4CA4-4FF3-A967-666E83D2955E}.Debug|Any CPU.ActiveCfg = Debug|Any CPU
		{3A41306D-4CA4-4FF3-A967-666E83D2955E}.Debug|Any CPU.Build.0 = Debug|Any CPU
		{3A41306D-4CA4-4FF3-A967-666E83D2955E}.Release|Any CPU.ActiveCfg = Release|Any CPU
		{3A41306D-4CA4-4FF3-A967-666E83D2955E}.Release|Any CPU.Build.0 = Release|Any CPU
		{A9CD510A-F206-4F1F-A7D6-575669CBAFBD}.Debug|Any CPU.ActiveCfg = Debug|Any CPU
		{A9CD510A-F206-4F1F-A7D6-575669CBAFBD}.Debug|Any CPU.Build.0 = Debug|Any CPU
		{A9CD510A-F206-4F1F-A7D6-575669CBAFBD}.Release|Any CPU.ActiveCfg = Release|Any CPU
		{A9CD510A-F206-4F1F-A7D6-575669CBAFBD}.Release|Any CPU.Build.0 = Release|Any CPU
		{F293FD6E-D082-4D86-9E8D-353E8EF6CB37}.Debug|Any CPU.ActiveCfg = Debug|Any CPU
		{F293FD6E-D082-4D86-9E8D-353E8EF6CB37}.Debug|Any CPU.Build.0 = Debug|Any CPU
		{F293FD6E-D082-4D86-9E8D-353E8EF6CB37}.Release|Any CPU.ActiveCfg = Release|Any CPU
		{F293FD6E-D082-4D86-9E8D-353E8EF6CB37}.Release|Any CPU.Build.0 = Release|Any CPU
		{58A4D2A0-7670-461E-B519-F54BBA7A0718}.Debug|Any CPU.ActiveCfg = Debug|Any CPU
		{58A4D2A0-7670-461E-B519-F54BBA7A0718}.Debug|Any CPU.Build.0 = Debug|Any CPU
		{58A4D2A0-7670-461E-B519-F54BBA7A0718}.Release|Any CPU.ActiveCfg = Release|Any CPU
		{58A4D2A0-7670-461E-B519-F54BBA7A0718}.Release|Any CPU.Build.0 = Release|Any CPU
		{9ED4EA38-C145-4341-9DB5-C96563652F2D}.Debug|Any CPU.ActiveCfg = Debug|Any CPU
		{9ED4EA38-C145-4341-9DB5-C96563652F2D}.Debug|Any CPU.Build.0 = Debug|Any CPU
		{9ED4EA38-C145-4341-9DB5-C96563652F2D}.Release|Any CPU.ActiveCfg = Release|Any CPU
		{9ED4EA38-C145-4341-9DB5-C96563652F2D}.Release|Any CPU.Build.0 = Release|Any CPU
	EndGlobalSection
	GlobalSection(SolutionProperties) = preSolution
		HideSolutionNode = FALSE
	EndGlobalSection
	GlobalSection(NestedProjects) = preSolution
		{BDBA0D87-A491-46C7-A31C-7E8BE7CA4ECB} = {49DB8D3D-9621-4B29-87B2-2FAD33635866}
		{3A41306D-4CA4-4FF3-A967-666E83D2955E} = {BDBA0D87-A491-46C7-A31C-7E8BE7CA4ECB}
		{A9CD510A-F206-4F1F-A7D6-575669CBAFBD} = {BDBA0D87-A491-46C7-A31C-7E8BE7CA4ECB}
		{F293FD6E-D082-4D86-9E8D-353E8EF6CB37} = {BDBA0D87-A491-46C7-A31C-7E8BE7CA4ECB}
		{5A0FD93A-99FD-4612-BE16-187455C779EC} = {49DB8D3D-9621-4B29-87B2-2FAD33635866}
		{58A4D2A0-7670-461E-B519-F54BBA7A0718} = {5A0FD93A-99FD-4612-BE16-187455C779EC}
		{9ED4EA38-C145-4341-9DB5-C96563652F2D} = {5A0FD93A-99FD-4612-BE16-187455C779EC}
	EndGlobalSection
EndGlobal
